
Microsoft Visual Studio Solution File, Format Version 12.00
# Visual Studio 15
VisualStudioVersion = 15.0.27703.2047
MinimumVisualStudioVersion = 10.0.40219.1
Project("{FAE04EC0-301F-11D3-BF4B-00C04F79EFBC}") = "Entidades", "Entidades\Entidades.csproj", "{6C901F8F-B91E-420C-9E50-DC61A73C5707}"
EndProject
Project("{FAE04EC0-301F-11D3-BF4B-00C04F79EFBC}") = "Test", "Test\Test.csproj", "{6386A399-6226-4C47-BD55-97280CF7D5C0}"
EndProject
Project("{FAE04EC0-301F-11D3-BF4B-00C04F79EFBC}") = "MiCalculadora", "MiCalculadora\MiCalculadora.csproj", "{1F5F5C8C-125A-4899-8CC0-7D8E7E69FC2D}"
EndProject
Global
	GlobalSection(SolutionConfigurationPlatforms) = preSolution
		Debug|Any CPU = Debug|Any CPU
		Release|Any CPU = Release|Any CPU
	EndGlobalSection
	GlobalSection(ProjectConfigurationPlatforms) = postSolution
		{6C901F8F-B91E-420C-9E50-DC61A73C5707}.Debug|Any CPU.ActiveCfg = Debug|Any CPU
		{6C901F8F-B91E-420C-9E50-DC61A73C5707}.Debug|Any CPU.Build.0 = Debug|Any CPU
		{6C901F8F-B91E-420C-9E50-DC61A73C5707}.Release|Any CPU.ActiveCfg = Release|Any CPU
		{6C901F8F-B91E-420C-9E50-DC61A73C5707}.Release|Any CPU.Build.0 = Release|Any CPU
		{6386A399-6226-4C47-BD55-97280CF7D5C0}.Debug|Any CPU.ActiveCfg = Debug|Any CPU
		{6386A399-6226-4C47-BD55-97280CF7D5C0}.Debug|Any CPU.Build.0 = Debug|Any CPU
		{6386A399-6226-4C47-BD55-97280CF7D5C0}.Release|Any CPU.ActiveCfg = Release|Any CPU
		{6386A399-6226-4C47-BD55-97280CF7D5C0}.Release|Any CPU.Build.0 = Release|Any CPU
		{1F5F5C8C-125A-4899-8CC0-7D8E7E69FC2D}.Debug|Any CPU.ActiveCfg = Debug|Any CPU
		{1F5F5C8C-125A-4899-8CC0-7D8E7E69FC2D}.Debug|Any CPU.Build.0 = Debug|Any CPU
		{1F5F5C8C-125A-4899-8CC0-7D8E7E69FC2D}.Release|Any CPU.ActiveCfg = Release|Any CPU
		{1F5F5C8C-125A-4899-8CC0-7D8E7E69FC2D}.Release|Any CPU.Build.0 = Release|Any CPU
	EndGlobalSection
	GlobalSection(SolutionProperties) = preSolution
		HideSolutionNode = FALSE
	EndGlobalSection
	GlobalSection(ExtensibilityGlobals) = postSolution
		SolutionGuid = {55D11629-D3E0-426A-8E79-DF79E533B9D9}
	EndGlobalSection
EndGlobal
